
Microsoft Visual Studio Solution File, Format Version 10.00
# Visual Studio 2008
Project("{FAE04EC0-301F-11D3-BF4B-00C04F79EFBC}") = "landmetrics_DIY_API", "landmetrics_DIY_API.csproj", "{0E385868-3DEE-43D5-A178-085C1D47BD23}"
EndProject
Global
	GlobalSection(SolutionConfigurationPlatforms) = preSolution
		Debug|Any CPU = Debug|Any CPU
		Release|Any CPU = Release|Any CPU
	EndGlobalSection
	GlobalSection(ProjectConfigurationPlatforms) = postSolution
		{0E385868-3DEE-43D5-A178-085C1D47BD23}.Debug|Any CPU.ActiveCfg = Debug|Any CPU
		{0E385868-3DEE-43D5-A178-085C1D47BD23}.Debug|Any CPU.Build.0 = Debug|Any CPU
		{0E385868-3DEE-43D5-A178-085C1D47BD23}.Release|Any CPU.ActiveCfg = Release|Any CPU
		{0E385868-3DEE-43D5-A178-085C1D47BD23}.Release|Any CPU.Build.0 = Release|Any CPU
	EndGlobalSection
	GlobalSection(MonoDevelopProperties) = preSolution
		StartupItem = landmetrics_DIY_API.csproj
	EndGlobalSection
EndGlobal
